
Microsoft Visual Studio Solution File, Format Version 12.00
# Visual Studio 14
VisualStudioVersion = 14.0.25420.1
MinimumVisualStudioVersion = 10.0.40219.1
Project("{8BC9CEB8-8B4A-11D0-8D11-00A0C91BC942}") = "ProcessInspector", "ProcessInspector\ProcessInspector.vcxproj", "{7970369C-8A0A-4FD1-8FB1-149A88288107}"
EndProject
Project("{8BC9CEB8-8B4A-11D0-8D11-00A0C91BC942}") = "Tester", "Tester\Tester.vcxproj", "{C79DB261-C722-401B-A4F6-300F32F0E38E}"
EndProject
Project("{8BC9CEB8-8B4A-11D0-8D11-00A0C91BC942}") = "MemScan", "MemScan\MemScan.vcxproj", "{43E53ED3-BA4A-4461-8786-C8863F295D07}"
EndProject
Project("{8BC9CEB8-8B4A-11D0-8D11-00A0C91BC942}") = "MsgHook", "MsgHook\MsgHook.vcxproj", "{64A9EE48-4171-4655-A641-95BB3BC259DE}"
EndProject
Project("{8BC9CEB8-8B4A-11D0-8D11-00A0C91BC942}") = "InjectionDLL", "InjectionDLL\InjectionDLL.vcxproj", "{A4D17F92-FCE9-406C-9970-2529BB986497}"
	ProjectSection(ProjectDependencies) = postProject
		{F142A341-5EE0-442D-A15F-98AE9B48DBAE} = {F142A341-5EE0-442D-A15F-98AE9B48DBAE}
	EndProjectSection
EndProject
Project("{8BC9CEB8-8B4A-11D0-8D11-00A0C91BC942}") = "RemoteThreadInjection", "RemoteThreadInjection\RemoteThreadInjection.vcxproj", "{C8C6D2A7-9092-4387-8A64-2AD0B717A3FB}"
EndProject
Project("{8BC9CEB8-8B4A-11D0-8D11-00A0C91BC942}") = "libMinHook", "minhook_build\libMinHook.vcxproj", "{F142A341-5EE0-442D-A15F-98AE9B48DBAE}"
EndProject
Project("{8BC9CEB8-8B4A-11D0-8D11-00A0C91BC942}") = "ProcessMonitor", "ProcessMonitor\ProcessMonitor.vcxproj", "{BEF8D16F-99C7-40FB-BE67-36D6C1D1B0A6}"
EndProject
Global
	GlobalSection(SolutionConfigurationPlatforms) = preSolution
		Debug|x64 = Debug|x64
		Debug|x86 = Debug|x86
		Release|x64 = Release|x64
		Release|x86 = Release|x86
	EndGlobalSection
	GlobalSection(ProjectConfigurationPlatforms) = postSolution
		{7970369C-8A0A-4FD1-8FB1-149A88288107}.Debug|x64.ActiveCfg = Debug|x64
		{7970369C-8A0A-4FD1-8FB1-149A88288107}.Debug|x64.Build.0 = Debug|x64
		{7970369C-8A0A-4FD1-8FB1-149A88288107}.Debug|x86.ActiveCfg = Debug|Win32
		{7970369C-8A0A-4FD1-8FB1-149A88288107}.Debug|x86.Build.0 = Debug|Win32
		{7970369C-8A0A-4FD1-8FB1-149A88288107}.Release|x64.ActiveCfg = Release|x64
		{7970369C-8A0A-4FD1-8FB1-149A88288107}.Release|x64.Build.0 = Release|x64
		{7970369C-8A0A-4FD1-8FB1-149A88288107}.Release|x86.ActiveCfg = Release|Win32
		{7970369C-8A0A-4FD1-8FB1-149A88288107}.Release|x86.Build.0 = Release|Win32
		{C79DB261-C722-401B-A4F6-300F32F0E38E}.Debug|x64.ActiveCfg = Debug|x64
		{C79DB261-C722-401B-A4F6-300F32F0E38E}.Debug|x64.Build.0 = Debug|x64
		{C79DB261-C722-401B-A4F6-300F32F0E38E}.Debug|x86.ActiveCfg = Debug|Win32
		{C79DB261-C722-401B-A4F6-300F32F0E38E}.Debug|x86.Build.0 = Debug|Win32
		{C79DB261-C722-401B-A4F6-300F32F0E38E}.Release|x64.ActiveCfg = Release|x64
		{C79DB261-C722-401B-A4F6-300F32F0E38E}.Release|x64.Build.0 = Release|x64
		{C79DB261-C722-401B-A4F6-300F32F0E38E}.Release|x86.ActiveCfg = Release|Win32
		{C79DB261-C722-401B-A4F6-300F32F0E38E}.Release|x86.Build.0 = Release|Win32
		{43E53ED3-BA4A-4461-8786-C8863F295D07}.Debug|x64.ActiveCfg = Debug|x64
		{43E53ED3-BA4A-4461-8786-C8863F295D07}.Debug|x64.Build.0 = Debug|x64
		{43E53ED3-BA4A-4461-8786-C8863F295D07}.Debug|x86.ActiveCfg = Debug|Win32
		{43E53ED3-BA4A-4461-8786-C8863F295D07}.Debug|x86.Build.0 = Debug|Win32
		{43E53ED3-BA4A-4461-8786-C8863F295D07}.Release|x64.ActiveCfg = Release|x64
		{43E53ED3-BA4A-4461-8786-C8863F295D07}.Release|x64.Build.0 = Release|x64
		{43E53ED3-BA4A-4461-8786-C8863F295D07}.Release|x86.ActiveCfg = Release|Win32
		{43E53ED3-BA4A-4461-8786-C8863F295D07}.Release|x86.Build.0 = Release|Win32
		{64A9EE48-4171-4655-A641-95BB3BC259DE}.Debug|x64.ActiveCfg = Debug|x64
		{64A9EE48-4171-4655-A641-95BB3BC259DE}.Debug|x64.Build.0 = Debug|x64
		{64A9EE48-4171-4655-A641-95BB3BC259DE}.Debug|x86.ActiveCfg = Debug|Win32
		{64A9EE48-4171-4655-A641-95BB3BC259DE}.Debug|x86.Build.0 = Debug|Win32
		{64A9EE48-4171-4655-A641-95BB3BC259DE}.Release|x64.ActiveCfg = Release|x64
		{64A9EE48-4171-4655-A641-95BB3BC259DE}.Release|x64.Build.0 = Release|x64
		{64A9EE48-4171-4655-A641-95BB3BC259DE}.Release|x86.ActiveCfg = Release|Win32
		{64A9EE48-4171-4655-A641-95BB3BC259DE}.Release|x86.Build.0 = Release|Win32
		{A4D17F92-FCE9-406C-9970-2529BB986497}.Debug|x64.ActiveCfg = Debug|x64
		{A4D17F92-FCE9-406C-9970-2529BB986497}.Debug|x64.Build.0 = Debug|x64
		{A4D17F92-FCE9-406C-9970-2529BB986497}.Debug|x86.ActiveCfg = Debug|Win32
		{A4D17F92-FCE9-406C-9970-2529BB986497}.Debug|x86.Build.0 = Debug|Win32
		{A4D17F92-FCE9-406C-9970-2529BB986497}.Release|x64.ActiveCfg = Release|x64
		{A4D17F92-FCE9-406C-9970-2529BB986497}.Release|x64.Build.0 = Release|x64
		{A4D17F92-FCE9-406C-9970-2529BB986497}.Release|x86.ActiveCfg = Release|Win32
		{A4D17F92-FCE9-406C-9970-2529BB986497}.Release|x86.Build.0 = Release|Win32
		{C8C6D2A7-9092-4387-8A64-2AD0B717A3FB}.Debug|x64.ActiveCfg = Debug|x64
		{C8C6D2A7-9092-4387-8A64-2AD0B717A3FB}.Debug|x64.Build.0 = Debug|x64
		{C8C6D2A7-9092-4387-8A64-2AD0B717A3FB}.Debug|x86.ActiveCfg = Debug|Win32
		{C8C6D2A7-9092-4387-8A64-2AD0B717A3FB}.Debug|x86.Build.0 = Debug|Win32
		{C8C6D2A7-9092-4387-8A64-2AD0B717A3FB}.Release|x64.ActiveCfg = Release|x64
		{C8C6D2A7-9092-4387-8A64-2AD0B717A3FB}.Release|x64.Build.0 = Release|x64
		{C8C6D2A7-9092-4387-8A64-2AD0B717A3FB}.Release|x86.ActiveCfg = Release|Win32
		{C8C6D2A7-9092-4387-8A64-2AD0B717A3FB}.Release|x86.Build.0 = Release|Win32
		{F142A341-5EE0-442D-A15F-98AE9B48DBAE}.Debug|x64.ActiveCfg = Debug|x64
		{F142A341-5EE0-442D-A15F-98AE9B48DBAE}.Debug|x64.Build.0 = Debug|x64
		{F142A341-5EE0-442D-A15F-98AE9B48DBAE}.Debug|x86.ActiveCfg = Debug|Win32
		{F142A341-5EE0-442D-A15F-98AE9B48DBAE}.Debug|x86.Build.0 = Debug|Win32
		{F142A341-5EE0-442D-A15F-98AE9B48DBAE}.Release|x64.ActiveCfg = Release|x64
		{F142A341-5EE0-442D-A15F-98AE9B48DBAE}.Release|x64.Build.0 = Release|x64
		{F142A341-5EE0-442D-A15F-98AE9B48DBAE}.Release|x86.ActiveCfg = Release|Win32
		{F142A341-5EE0-442D-A15F-98AE9B48DBAE}.Release|x86.Build.0 = Release|Win32
		{BEF8D16F-99C7-40FB-BE67-36D6C1D1B0A6}.Debug|x64.ActiveCfg = Debug|x64
		{BEF8D16F-99C7-40FB-BE67-36D6C1D1B0A6}.Debug|x64.Build.0 = Debug|x64
		{BEF8D16F-99C7-40FB-BE67-36D6C1D1B0A6}.Debug|x86.ActiveCfg = Debug|Win32
		{BEF8D16F-99C7-40FB-BE67-36D6C1D1B0A6}.Debug|x86.Build.0 = Debug|Win32
		{BEF8D16F-99C7-40FB-BE67-36D6C1D1B0A6}.Release|x64.ActiveCfg = Release|x64
		{BEF8D16F-99C7-40FB-BE67-36D6C1D1B0A6}.Release|x64.Build.0 = Release|x64
		{BEF8D16F-99C7-40FB-BE67-36D6C1D1B0A6}.Release|x86.ActiveCfg = Release|Win32
		{BEF8D16F-99C7-40FB-BE67-36D6C1D1B0A6}.Release|x86.Build.0 = Release|Win32
	EndGlobalSection
	GlobalSection(SolutionProperties) = preSolution
		HideSolutionNode = FALSE
	EndGlobalSection
EndGlobal
