<?xml version="1.0" encoding="utf-8"?>
<Project ToolsVersion="4.0" xmlns="http://schemas.microsoft.com/developer/msbuild/2003">
  <ItemGroup>
    <Filter Include="Source Files">
      <UniqueIdentifier>{4FC737F1-C7A5-4376-A066-2A32D752A2FF}</UniqueIdentifier>
      <Extensions>cpp;c;cc;cxx;def;odl;idl;hpj;bat;asm;asmx</Extensions>
    </Filter>
    <Filter Include="Header Files">
      <UniqueIdentifier>{93995380-89BD-4b04-88EB-625FBE52EBFB}</UniqueIdentifier>
      <Extensions>h;hh;hpp;hxx;hm;inl;inc;xsd</Extensions>
    </Filter>
    <Filter Include="Resource Files">
      <UniqueIdentifier>{67DA6AB6-F800-4c08-8B7A-83BB121AAD01}</UniqueIdentifier>
      <Extensions>rc;ico;cur;bmp;dlg;rc2;rct;bin;rgs;gif;jpg;jpeg;jpe;resx;tiff;tif;png;wav;mfcribbon-ms</Extensions>
    </Filter>
    <Filter Include="PipeServer">
      <UniqueIdentifier>{31c77b98-19ce-4b26-825e-a3b4397aca07}</UniqueIdentifier>
    </Filter>
  </ItemGroup>
  <ItemGroup>
    <Text Include="ReadMe.txt" />
  </ItemGroup>
  <ItemGroup>
    <ClInclude Include="ProcessMonitor.h">
      <Filter>Header Files</Filter>
    </ClInclude>
    <ClInclude Include="ProcessMonitorDlg.h">
      <Filter>Header Files</Filter>
    </ClInclude>
    <ClInclude Include="stdafx.h">
      <Filter>Header Files</Filter>
    </ClInclude>
    <ClInclude Include="targetver.h">
      <Filter>Header Files</Filter>
    </ClInclude>
    <ClInclude Include="Resource.h">
      <Filter>Header Files</Filter>
    </ClInclude>
    <ClInclude Include="DynObj.h">
      <Filter>Header Files</Filter>
    </ClInclude>
    <ClInclude Include="process_watcher.h">
      <Filter>Header Files</Filter>
    </ClInclude>
    <ClInclude Include="event_sink.h">
      <Filter>Header Files</Filter>
    </ClInclude>
    <ClInclude Include="demo_connection.h">
      <Filter>PipeServer</Filter>
    </ClInclude>
    <ClInclude Include="demo_server.h">
      <Filter>PipeServer</Filter>
    </ClInclude>
    <ClInclude Include="local_server.h">
      <Filter>PipeServer</Filter>
    </ClInclude>
    <ClInclude Include="local_server_connection.h">
      <Filter>PipeServer</Filter>
    </ClInclude>
    <ClInclude Include="local_server_connection_win.h">
      <Filter>PipeServer</Filter>
    </ClInclude>
    <ClInclude Include="local_server_win.h">
      <Filter>PipeServer</Filter>
    </ClInclude>
  </ItemGroup>
  <ItemGroup>
    <ClCompile Include="ProcessMonitor.cpp">
      <Filter>Source Files</Filter>
    </ClCompile>
    <ClCompile Include="ProcessMonitorDlg.cpp">
      <Filter>Source Files</Filter>
    </ClCompile>
    <ClCompile Include="stdafx.cpp">
      <Filter>Source Files</Filter>
    </ClCompile>
    <ClCompile Include="process_watcher.cpp">
      <Filter>Source Files</Filter>
    </ClCompile>
    <ClCompile Include="event_sink.cpp">
      <Filter>Source Files</Filter>
    </ClCompile>
    <ClCompile Include="demo_connection.cpp">
      <Filter>PipeServer</Filter>
    </ClCompile>
    <ClCompile Include="demo_server.cpp">
      <Filter>PipeServer</Filter>
    </ClCompile>
    <ClCompile Include="local_server.cpp">
      <Filter>PipeServer</Filter>
    </ClCompile>
    <ClCompile Include="local_server_connection.cpp">
      <Filter>PipeServer</Filter>
    </ClCompile>
    <ClCompile Include="local_server_connection_win.cpp">
      <Filter>PipeServer</Filter>
    </ClCompile>
    <ClCompile Include="local_server_win.cpp">
      <Filter>PipeServer</Filter>
    </ClCompile>
  </ItemGroup>
  <ItemGroup>
    <ResourceCompile Include="ProcessMonitor.rc">
      <Filter>Resource Files</Filter>
    </ResourceCompile>
  </ItemGroup>
  <ItemGroup>
    <None Include="res\ProcessMonitor.rc2">
      <Filter>Resource Files</Filter>
    </None>
  </ItemGroup>
  <ItemGroup>
    <Image Include="res\ProcessMonitor.ico">
      <Filter>Resource Files</Filter>
    </Image>
  </ItemGroup>
</Project>